hash: 41cd7e6d721f5e1826675c6e39f2b31979166794bf1607db6ccf0ef7a0cf755a
updated: 2018-04-25T12:36:26.8395701+08:00
imports:
- name: github.com/gorilla/websocket
  version: ea4d1f681babbce9545c9c5f3d5194a789c89f5b
- name: gopkg.in/baa.v1
  version: 1a6dc3c7af11ce614e7e23e98794c451802dbf6f
testImports: []
